
Microsoft Visual Studio Solution File, Format Version 12.00
# Visual Studio Version 16
VisualStudioVersion = 16.0.32630.194
MinimumVisualStudioVersion = 10.0.40219.1
Project("{FAE04EC0-301F-11D3-BF4B-00C04F79EFBC}") = "Cards.API", "Cards.API\Cards.API.csproj", "{28C570C4-4DDD-4C74-8A8F-33E3A995B575}"
EndProject
Global
	GlobalSection(SolutionConfigurationPlatforms) = preSolution
		Debug|Any CPU = Debug|Any CPU
		Release|Any CPU = Release|Any CPU
	EndGlobalSection
	GlobalSection(ProjectConfigurationPlatforms) = postSolution
		{28C570C4-4DDD-4C74-8A8F-33E3A995B575}.Debug|Any CPU.ActiveCfg = Debug|Any CPU
		{28C570C4-4DDD-4C74-8A8F-33E3A995B575}.Debug|Any CPU.Build.0 = Debug|Any CPU
		{28C570C4-4DDD-4C74-8A8F-33E3A995B575}.Release|Any CPU.ActiveCfg = Release|Any CPU
		{28C570C4-4DDD-4C74-8A8F-33E3A995B575}.Release|Any CPU.Build.0 = Release|Any CPU
	EndGlobalSection
	GlobalSection(SolutionProperties) = preSolution
		HideSolutionNode = FALSE
	EndGlobalSection
	GlobalSection(ExtensibilityGlobals) = postSolution
		SolutionGuid = {F765EB52-A27C-4B9D-8EDD-012D7B3E108C}
	EndGlobalSection
EndGlobal
